# This file is automatically @generated by Wally.
# It is not intended for manual editing.
registry = "test"

[[package]]
name = "acecateer/comm"
version = "1.0.3"
dependencies = [["Option", "sleitnick/option@1.0.5"], ["Promise", "evaera/promise@4.0.0"], ["Signal", "sleitnick/signal@2.0.3"]]

[[package]]
name = "acecateer/knit"
version = "1.7.2"
dependencies = [["Comm", "acecateer/comm@1.0.3"], ["Promise", "evaera/promise@4.0.0"]]

[[package]]
name = "azutreo/component"
version = "2.4.10"
dependencies = [["Promise", "evaera/promise@4.0.0"], ["Signal", "sleitnick/signal@2.0.3"], ["Symbol", "sleitnick/symbol@2.0.1"], ["Trove", "sleitnick/trove@1.8.0"]]

[[package]]
name = "cody-nelson/promise"
version = "4.0.1"
dependencies = []

[[package]]
name = "cody-nelson/trove"
version = "0.0.1"
dependencies = [["t", "osyrisrblx/t@3.1.1"]]

[[package]]
name = "evaera/promise"
version = "4.0.0"
dependencies = []

[[package]]
name = "jessekroeske/rodux"
version = "3.0.0"
dependencies = []

[[package]]
name = "kelvintrinhsg/marketplace-manager"
version = "0.1.1"
dependencies = []

[[package]]
name = "kelvintrinhsg/take-home-assignment"
version = "0.1.0"
dependencies = [["BufferUtil", "sleitnick/buffer-util@0.3.2"], ["Concur", "sleitnick/concur@0.1.2"], ["EnumList", "sleitnick/enum-list@2.1.0"], ["Find", "sleitnick/find@1.0.0"], ["Input", "sleitnick/input@3.0.0"], ["Loader", "sleitnick/loader@2.0.0"], ["Net", "sleitnick/net@0.2.0"], ["Option", "sleitnick/option@1.0.5"], ["PID", "sleitnick/pid@2.1.0"], ["Quaternion", "sleitnick/quaternion@0.2.3"], ["Query", "sleitnick/query@0.2.0"], ["ReplicaShared", "luminalabsgames/replicashared@1.0.0"], ["Sequent", "sleitnick/sequent@0.1.0"], ["Ser", "sleitnick/ser@1.0.5"], ["Silo", "sleitnick/silo@0.2.0"], ["Streamable", "sleitnick/streamable@1.2.4"], ["Symbol", "sleitnick/symbol@2.0.1"], ["TableUtil", "sleitnick/table-util@1.2.1"], ["TaskQueue", "sleitnick/task-queue@1.0.0"], ["Tree", "sleitnick/tree@1.1.0"], ["TypedRemote", "sleitnick/typed-remote@0.3.0"], ["WaitFor", "sleitnick/wait-for@1.0.0"], ["component", "azutreo/component@2.4.10"], ["knit", "acecateer/knit@1.7.2"], ["log", "sleitnick/log@0.1.2"], ["promise", "cody-nelson/promise@4.0.1"], ["rodux", "jessekroeske/rodux@3.0.0"], ["shake", "sunspringdev/shake@1.1.0"], ["signal", "neonifieddev/signal@0.0.3"], ["spring", "nyxariko/spring@0.1.1"], ["timer", "sleitnick/timer@2.0.0"], ["trove", "cody-nelson/trove@0.0.1"], ["cmdr", "vyronax/cmdr@1.13.0"], ["marketplacemanager", "kelvintrinhsg/marketplace-manager@0.1.1"], ["profilestore", "vyon/profilestore@1.0.3"], ["replicaserver", "luminalabsgames/replicaserver@1.0.3"], ["testez", "roblox/testez@0.4.1"]]

[[package]]
name = "luminalabsgames/replicaserver"
version = "1.0.3"
dependencies = [["ReplicaShared", "luminalabsgames/replicashared@1.0.0"]]

[[package]]
name = "luminalabsgames/replicashared"
version = "1.0.0"
dependencies = []

[[package]]
name = "neonifieddev/signal"
version = "0.0.3"
dependencies = []

[[package]]
name = "nyxariko/spring"
version = "0.1.1"
dependencies = []

[[package]]
name = "osyrisrblx/t"
version = "3.1.1"
dependencies = []

[[package]]
name = "roblox/testez"
version = "0.4.1"
dependencies = []

[[package]]
name = "sleitnick/buffer-util"
version = "0.3.2"
dependencies = []

[[package]]
name = "sleitnick/concur"
version = "0.1.2"
dependencies = []

[[package]]
name = "sleitnick/enum-list"
version = "2.1.0"
dependencies = []

[[package]]
name = "sleitnick/find"
version = "1.0.0"
dependencies = []

[[package]]
name = "sleitnick/input"
version = "3.0.0"
dependencies = [["Signal", "sleitnick/signal@2.0.3"], ["Trove", "sleitnick/trove@1.8.0"]]

[[package]]
name = "sleitnick/loader"
version = "2.0.0"
dependencies = []

[[package]]
name = "sleitnick/log"
version = "0.1.2"
dependencies = []

[[package]]
name = "sleitnick/net"
version = "0.2.0"
dependencies = []

[[package]]
name = "sleitnick/option"
version = "1.0.5"
dependencies = []

[[package]]
name = "sleitnick/pid"
version = "2.1.0"
dependencies = []

[[package]]
name = "sleitnick/quaternion"
version = "0.2.3"
dependencies = []

[[package]]
name = "sleitnick/query"
version = "0.2.0"
dependencies = []

[[package]]
name = "sleitnick/sequent"
version = "0.1.0"
dependencies = []

[[package]]
name = "sleitnick/ser"
version = "1.0.5"
dependencies = [["Option", "sleitnick/option@1.0.5"]]

[[package]]
name = "sleitnick/signal"
version = "1.5.0"
dependencies = []

[[package]]
name = "sleitnick/signal"
version = "2.0.3"
dependencies = []

[[package]]
name = "sleitnick/silo"
version = "0.2.0"
dependencies = []

[[package]]
name = "sleitnick/streamable"
version = "1.2.4"
dependencies = [["Signal", "sleitnick/signal@1.5.0"], ["Trove", "sleitnick/trove@0.4.2"]]

[[package]]
name = "sleitnick/symbol"
version = "2.0.1"
dependencies = []

[[package]]
name = "sleitnick/table-util"
version = "1.2.1"
dependencies = []

[[package]]
name = "sleitnick/task-queue"
version = "1.0.0"
dependencies = []

[[package]]
name = "sleitnick/timer"
version = "2.0.0"
dependencies = [["Signal", "sleitnick/signal@2.0.3"]]

[[package]]
name = "sleitnick/tree"
version = "1.1.0"
dependencies = []

[[package]]
name = "sleitnick/trove"
version = "0.4.2"
dependencies = []

[[package]]
name = "sleitnick/trove"
version = "1.8.0"
dependencies = []

[[package]]
name = "sleitnick/typed-remote"
version = "0.3.0"
dependencies = []

[[package]]
name = "sleitnick/wait-for"
version = "1.0.0"
dependencies = [["Promise", "evaera/promise@4.0.0"]]

[[package]]
name = "sunspringdev/shake"
version = "1.1.0"
dependencies = []

[[package]]
name = "vyon/profilestore"
version = "1.0.3"
dependencies = []

[[package]]
name = "vyronax/cmdr"
version = "1.13.0"
dependencies = []
